
Microsoft Visual Studio Solution File, Format Version 12.00
# Visual Studio Version 17
VisualStudioVersion = 17.0.31903.59
MinimumVisualStudioVersion = 10.0.40219.1
Project("{2150E333-8FDC-42A3-9474-1A3956D46DE8}") = "src", "src", "{887CCF4C-7156-4FC4-85FE-C26C32BB4434}"
EndProject
Project("{FAE04EC0-301F-11D3-BF4B-00C04F79EFBC}") = "web-api", "src\web-api\web-api.csproj", "{7161A846-8631-40C3-AAA6-6A9E2D8354DC}"
EndProject
Project("{2150E333-8FDC-42A3-9474-1A3956D46DE8}") = "tests", "tests", "{A43F002C-22B9-4488-B5FD-87A002594229}"
EndProject
Project("{FAE04EC0-301F-11D3-BF4B-00C04F79EFBC}") = "web-integration-tests", "tests\web-integration-tests\web-integration-tests.csproj", "{1834599B-4E43-4218-837D-37EAA92654BF}"
EndProject
Project("{FAE04EC0-301F-11D3-BF4B-00C04F79EFBC}") = "web-unit-tests", "tests\web-unit-tests\web-unit-tests.csproj", "{E24FAA53-4FE1-4279-86A8-A1E81851F176}"
EndProject
Global
	GlobalSection(SolutionConfigurationPlatforms) = preSolution
		Debug|Any CPU = Debug|Any CPU
		Release|Any CPU = Release|Any CPU
	EndGlobalSection
	GlobalSection(ProjectConfigurationPlatforms) = postSolution
		{7161A846-8631-40C3-AAA6-6A9E2D8354DC}.Debug|Any CPU.ActiveCfg = Debug|Any CPU
		{7161A846-8631-40C3-AAA6-6A9E2D8354DC}.Debug|Any CPU.Build.0 = Debug|Any CPU
		{7161A846-8631-40C3-AAA6-6A9E2D8354DC}.Release|Any CPU.ActiveCfg = Release|Any CPU
		{7161A846-8631-40C3-AAA6-6A9E2D8354DC}.Release|Any CPU.Build.0 = Release|Any CPU
		{1834599B-4E43-4218-837D-37EAA92654BF}.Debug|Any CPU.ActiveCfg = Debug|Any CPU
		{1834599B-4E43-4218-837D-37EAA92654BF}.Debug|Any CPU.Build.0 = Debug|Any CPU
		{1834599B-4E43-4218-837D-37EAA92654BF}.Release|Any CPU.ActiveCfg = Release|Any CPU
		{1834599B-4E43-4218-837D-37EAA92654BF}.Release|Any CPU.Build.0 = Release|Any CPU
		{E24FAA53-4FE1-4279-86A8-A1E81851F176}.Debug|Any CPU.ActiveCfg = Debug|Any CPU
		{E24FAA53-4FE1-4279-86A8-A1E81851F176}.Debug|Any CPU.Build.0 = Debug|Any CPU
		{E24FAA53-4FE1-4279-86A8-A1E81851F176}.Release|Any CPU.ActiveCfg = Release|Any CPU
		{E24FAA53-4FE1-4279-86A8-A1E81851F176}.Release|Any CPU.Build.0 = Release|Any CPU
	EndGlobalSection
	GlobalSection(SolutionProperties) = preSolution
		HideSolutionNode = FALSE
	EndGlobalSection
	GlobalSection(NestedProjects) = preSolution
		{7161A846-8631-40C3-AAA6-6A9E2D8354DC} = {887CCF4C-7156-4FC4-85FE-C26C32BB4434}
		{1834599B-4E43-4218-837D-37EAA92654BF} = {A43F002C-22B9-4488-B5FD-87A002594229}
		{E24FAA53-4FE1-4279-86A8-A1E81851F176} = {A43F002C-22B9-4488-B5FD-87A002594229}
	EndGlobalSection
EndGlobal
